
Microsoft Visual Studio Solution File, Format Version 12.00
# Visual Studio 14
VisualStudioVersion = 14.0.23107.0
MinimumVisualStudioVersion = 10.0.40219.1
Project("{FAE04EC0-301F-11D3-BF4B-00C04F79EFBC}") = "ZicDump", "ZicDump\ZicDump.csproj", "{05372333-BC33-4BB5-BCB9-4FE92DC9FC8F}"
EndProject
Project("{FAE04EC0-301F-11D3-BF4B-00C04F79EFBC}") = "TimeZoneInfoDump", "TimeZoneInfoDump\TimeZoneInfoDump.csproj", "{B521613E-A8A3-4106-8267-B31E3E0C8C0C}"
EndProject
Project("{FAE04EC0-301F-11D3-BF4B-00C04F79EFBC}") = "TrimNames", "TrimNames\TrimNames.csproj", "{4A172CE3-BA50-409E-B60A-4DDF4950ED0C}"
EndProject
Global
	GlobalSection(SolutionConfigurationPlatforms) = preSolution
		Debug|Any CPU = Debug|Any CPU
		Release|Any CPU = Release|Any CPU
	EndGlobalSection
	GlobalSection(ProjectConfigurationPlatforms) = postSolution
		{05372333-BC33-4BB5-BCB9-4FE92DC9FC8F}.Debug|Any CPU.ActiveCfg = Debug|Any CPU
		{05372333-BC33-4BB5-BCB9-4FE92DC9FC8F}.Debug|Any CPU.Build.0 = Debug|Any CPU
		{05372333-BC33-4BB5-BCB9-4FE92DC9FC8F}.Release|Any CPU.ActiveCfg = Release|Any CPU
		{05372333-BC33-4BB5-BCB9-4FE92DC9FC8F}.Release|Any CPU.Build.0 = Release|Any CPU
		{B521613E-A8A3-4106-8267-B31E3E0C8C0C}.Debug|Any CPU.ActiveCfg = Debug|Any CPU
		{B521613E-A8A3-4106-8267-B31E3E0C8C0C}.Debug|Any CPU.Build.0 = Debug|Any CPU
		{B521613E-A8A3-4106-8267-B31E3E0C8C0C}.Release|Any CPU.ActiveCfg = Release|Any CPU
		{B521613E-A8A3-4106-8267-B31E3E0C8C0C}.Release|Any CPU.Build.0 = Release|Any CPU
		{4A172CE3-BA50-409E-B60A-4DDF4950ED0C}.Debug|Any CPU.ActiveCfg = Debug|Any CPU
		{4A172CE3-BA50-409E-B60A-4DDF4950ED0C}.Debug|Any CPU.Build.0 = Debug|Any CPU
		{4A172CE3-BA50-409E-B60A-4DDF4950ED0C}.Release|Any CPU.ActiveCfg = Release|Any CPU
		{4A172CE3-BA50-409E-B60A-4DDF4950ED0C}.Release|Any CPU.Build.0 = Release|Any CPU
	EndGlobalSection
	GlobalSection(SolutionProperties) = preSolution
		HideSolutionNode = FALSE
	EndGlobalSection
EndGlobal
